// !$*UTF8*$!
{
	archiveVersion = 1;
	classes = {
	};
	objectVersion = 50;
	objects = {

/* Begin PBXBuildFile section */
		B1A414E424138D3900C7B3C8 /* AppDelegate.m in Sources */ = {isa = PBXBuildFile; fileRef = B1A414E324138D3900C7B3C8 /* AppDelegate.m */; };
		B1A414E724138D3900C7B3C8 /* SceneDelegate.m in Sources */ = {isa = PBXBuildFile; fileRef = B1A414E624138D3900C7B3C8 /* SceneDelegate.m */; };
		B1A414EA24138D3900C7B3C8 /* ViewController.m in Sources */ = {isa = PBXBuildFile; fileRef = B1A414E924138D3900C7B3C8 /* ViewController.m */; };
		B1A414EF24138D3B00C7B3C8 /* Assets.xcassets in Resources */ = {isa = PBXBuildFile; fileRef = B1A414EE24138D3B00C7B3C8 /* Assets.xcassets */; };
		B1A414F224138D3B00C7B3C8 /* LaunchScreen.storyboard in Resources */ = {isa = PBXBuildFile; fileRef = B1A414F024138D3B00C7B3C8 /* LaunchScreen.storyboard */; };
		B1A414F524138D3B00C7B3C8 /* main.m in Sources */ = {isa = PBXBuildFile; fileRef = B1A414F424138D3B00C7B3C8 /* main.m */; };
		B1A414FF24138D3B00C7B3C8 /* UITableViewEdit1Tests.m in Sources */ = {isa = PBXBuildFile; fileRef = B1A414FE24138D3B00C7B3C8 /* UITableViewEdit1Tests.m */; };
		B1A4150A24138D3B00C7B3C8 /* UITableViewEdit1UITests.m in Sources */ = {isa = PBXBuildFile; fileRef = B1A4150924138D3B00C7B3C8 /* UITableViewEdit1UITests.m */; };
/* End PBXBuildFile section */

/* Begin PBXContainerItemProxy section */
		B1A414FB24138D3B00C7B3C8 /* PBXContainerItemProxy */ = {
			isa = PBXContainerItemProxy;
			containerPortal = B1A414D724138D3900C7B3C8 /* Project object */;
			proxyType = 1;
			remoteGlobalIDString = B1A414DE24138D3900C7B3C8;
			remoteInfo = UITableViewEdit1;
		};
		B1A4150624138D3B00C7B3C8 /* PBXContainerItemProxy */ = {
			isa = PBXContainerItemProxy;
			containerPortal = B1A414D724138D3900C7B3C8 /* Project object */;
			proxyType = 1;
			remoteGlobalIDString = B1A414DE24138D3900C7B3C8;
			remoteInfo = UITableViewEdit1;
		};
/* End PBXContainerItemProxy section */

/* Begin PBXFileReference section */
		B1A414DF24138D3900C7B3C8 /* UITableViewEdit1.app */ = {isa = PBXFileReference; explicitFileType = wrapper.application; includeInIndex = 0; path = UITableViewEdit1.app; sourceTree = BUILT_PRODUCTS_DIR; };
		B1A414E224138D3900C7B3C8 /* AppDelegate.h */ = {isa = PBXFileReference; lastKnownFileType = sourcecode.c.h; path = AppDelegate.h; sourceTree = "<group>"; };
		B1A414E324138D3900C7B3C8 /* AppDelegate.m */ = {isa = PBXFileReference; lastKnownFileType = sourcecode.c.objc; path = AppDelegate.m; sourceTree = "<group>"; };
		B1A414E524138D3900C7B3C8 /* SceneDelegate.h */ = {isa = PBXFileReference; lastKnownFileType = sourcecode.c.h; path = SceneDelegate.h; sourceTree = "<group>"; };
		B1A414E624138D3900C7B3C8 /* SceneDelegate.m */ = {isa = PBXFileReference; lastKnownFileType = sourcecode.c.objc; path = SceneDelegate.m; sourceTree = "<group>"; };
		B1A414E824138D3900C7B3C8 /* ViewController.h */ = {isa = PBXFileReference; lastKnownFileType = sourcecode.c.h; path = ViewController.h; sourceTree = "<group>"; };
		B1A414E924138D3900C7B3C8 /* ViewController.m */ = {isa = PBXFileReference; lastKnownFileType = sourcecode.c.objc; path = ViewController.m; sourceTree = "<group>"; };
		B1A414EE24138D3B00C7B3C8 /* Assets.xcassets */ = {isa = PBXFileReference; lastKnownFileType = folder.assetcatalog; path = Assets.xcassets; sourceTree = "<group>"; };
		B1A414F124138D3B00C7B3C8 /* Base */ = {isa = PBXFileReference; lastKnownFileType = file.storyboard; name = Base; path = Base.lproj/LaunchScreen.storyboard; sourceTree = "<group>"; };
		B1A414F324138D3B00C7B3C8 /* Info.plist */ = {isa = PBXFileReference; lastKnownFileType = text.plist.xml; path = Info.plist; sourceTree = "<group>"; };
		B1A414F424138D3B00C7B3C8 /* main.m */ = {isa = PBXFileReference; lastKnownFileType = sourcecode.c.objc; path = main.m; sourceTree = "<group>"; };
		B1A414FA24138D3B00C7B3C8 /* UITableViewEdit1Tests.xctest */ = {isa = PBXFileReference; explicitFileType = wrapper.cfbundle; includeInIndex = 0; path = UITableViewEdit1Tests.xctest; sourceTree = BUILT_PRODUCTS_DIR; };
		B1A414FE24138D3B00C7B3C8 /* UITableViewEdit1Tests.m */ = {isa = PBXFileReference; lastKnownFileType = sourcecode.c.objc; path = UITableViewEdit1Tests.m; sourceTree = "<group>"; };
		B1A4150024138D3B00C7B3C8 /* Info.plist */ = {isa = PBXFileReference; lastKnownFileType = text.plist.xml; path = Info.plist; sourceTree = "<group>"; };
		B1A4150524138D3B00C7B3C8 /* UITableViewEdit1UITests.xctest */ = {isa = PBXFileReference; explicitFileType = wrapper.cfbundle; includeInIndex = 0; path = UITableViewEdit1UITests.xctest; sourceTree = BUILT_PRODUCTS_DIR; };
		B1A4150924138D3B00C7B3C8 /* UITableViewEdit1UITests.m */ = {isa = PBXFileReference; lastKnownFileType = sourcecode.c.objc; path = UITableViewEdit1UITests.m; sourceTree = "<group>"; };
		B1A4150B24138D3B00C7B3C8 /* Info.plist */ = {isa = PBXFileReference; lastKnownFileType = text.plist.xml; path = Info.plist; sourceTree = "<group>"; };
/* End PBXFileReference section */

/* Begin PBXFrameworksBuildPhase section */
		B1A414DC24138D3900C7B3C8 /* Frameworks */ = {
			isa = PBXFrameworksBuildPhase;
			buildActionMask = 2147483647;
			files = (
			);
			runOnlyForDeploymentPostprocessing = 0;
		};
		B1A414F724138D3B00C7B3C8 /* Frameworks */ = {
			isa = PBXFrameworksBuildPhase;
			buildActionMask = 2147483647;
			files = (
			);
			runOnlyForDeploymentPostprocessing = 0;
		};
		B1A4150224138D3B00C7B3C8 /* Frameworks */ = {
			isa = PBXFrameworksBuildPhase;
			buildActionMask = 2147483647;
			files = (
			);
			runOnlyForDeploymentPostprocessing = 0;
		};
/* End PBXFrameworksBuildPhase section */

/* Begin PBXGroup section */
		B1A414D624138D3900C7B3C8 = {
			isa = PBXGroup;
			children = (
				B1A414E124138D3900C7B3C8 /* UITableViewEdit1 */,
				B1A414FD24138D3B00C7B3C8 /* UITableViewEdit1Tests */,
				B1A4150824138D3B00C7B3C8 /* UITableViewEdit1UITests */,
				B1A414E024138D3900C7B3C8 /* Products */,
			);
			sourceTree = "<group>";
		};
		B1A414E024138D3900C7B3C8 /* Products */ = {
			isa = PBXGroup;
			children = (
				B1A414DF24138D3900C7B3C8 /* UITableViewEdit1.app */,
				B1A414FA24138D3B00C7B3C8 /* UITableViewEdit1Tests.xctest */,
				B1A4150524138D3B00C7B3C8 /* UITableViewEdit1UITests.xctest */,
			);
			name = Products;
			sourceTree = "<group>";
		};
		B1A414E124138D3900C7B3C8 /* UITableViewEdit1 */ = {
			isa = PBXGroup;
			children = (
				B1A414E224138D3900C7B3C8 /* AppDelegate.h */,
				B1A414E324138D3900C7B3C8 /* AppDelegate.m */,
				B1A414E524138D3900C7B3C8 /* SceneDelegate.h */,
				B1A414E624138D3900C7B3C8 /* SceneDelegate.m */,
				B1A414E824138D3900C7B3C8 /* ViewController.h */,
				B1A414E924138D3900C7B3C8 /* ViewController.m */,
				B1A414EE24138D3B00C7B3C8 /* Assets.xcassets */,
				B1A414F024138D3B00C7B3C8 /* LaunchScreen.storyboard */,
				B1A414F324138D3B00C7B3C8 /* Info.plist */,
				B1A414F424138D3B00C7B3C8 /* main.m */,
			);
			path = UITableViewEdit1;
			sourceTree = "<group>";
		};
		B1A414FD24138D3B00C7B3C8 /* UITableViewEdit1Tests */ = {
			isa = PBXGroup;
			children = (
				B1A414FE24138D3B00C7B3C8 /* UITableViewEdit1Tests.m */,
				B1A4150024138D3B00C7B3C8 /* Info.plist */,
			);
			path = UITableViewEdit1Tests;
			sourceTree = "<group>";
		};
		B1A4150824138D3B00C7B3C8 /* UITableViewEdit1UITests */ = {
			isa = PBXGroup;
			children = (
				B1A4150924138D3B00C7B3C8 /* UITableViewEdit1UITests.m */,
				B1A4150B24138D3B00C7B3C8 /* Info.plist */,
			);
			path = UITableViewEdit1UITests;
			sourceTree = "<group>";
		};
/* End PBXGroup section */

/* Begin PBXNativeTarget section */
		B1A414DE24138D3900C7B3C8 /* UITableViewEdit1 */ = {
			isa = PBXNativeTarget;
			buildConfigurationList = B1A4150E24138D3B00C7B3C8 /* Build configuration list for PBXNativeTarget "UITableViewEdit1" */;
			buildPhases = (
				B1A414DB24138D3900C7B3C8 /* Sources */,
				B1A414DC24138D3900C7B3C8 /* Frameworks */,
				B1A414DD24138D3900C7B3C8 /* Resources */,
			);
			buildRules = (
			);
			dependencies = (
			);
			name = UITableViewEdit1;
			productName = UITableViewEdit1;
			productReference = B1A414DF24138D3900C7B3C8 /* UITableViewEdit1.app */;
			productType = "com.apple.product-type.application";
		};
		B1A414F924138D3B00C7B3C8 /* UITableViewEdit1Tests */ = {
			isa = PBXNativeTarget;
			buildConfigurationList = B1A4151124138D3B00C7B3C8 /* Build configuration list for PBXNativeTarget "UITableViewEdit1Tests" */;
			buildPhases = (
				B1A414F624138D3B00C7B3C8 /* Sources */,
				B1A414F724138D3B00C7B3C8 /* Frameworks */,
				B1A414F824138D3B00C7B3C8 /* Resources */,
			);
			buildRules = (
			);
			dependencies = (
				B1A414FC24138D3B00C7B3C8 /* PBXTargetDependency */,
			);
			name = UITableViewEdit1Tests;
			productName = UITableViewEdit1Tests;
			productReference = B1A414FA24138D3B00C7B3C8 /* UITableViewEdit1Tests.xctest */;
			productType = "com.apple.product-type.bundle.unit-test";
		};
		B1A4150424138D3B00C7B3C8 /* UITableViewEdit1UITests */ = {
			isa = PBXNativeTarget;
			buildConfigurationList = B1A4151424138D3B00C7B3C8 /* Build configuration list for PBXNativeTarget "UITableViewEdit1UITests" */;
			buildPhases = (
				B1A4150124138D3B00C7B3C8 /* Sources */,
				B1A4150224138D3B00C7B3C8 /* Frameworks */,
				B1A4150324138D3B00C7B3C8 /* Resources */,
			);
			buildRules = (
			);
			dependencies = (
				B1A4150724138D3B00C7B3C8 /* PBXTargetDependency */,
			);
			name = UITableViewEdit1UITests;
			productName = UITableViewEdit1UITests;
			productReference = B1A4150524138D3B00C7B3C8 /* UITableViewEdit1UITests.xctest */;
			productType = "com.apple.product-type.bundle.ui-testing";
		};
/* End PBXNativeTarget section */

/* Begin PBXProject section */
		B1A414D724138D3900C7B3C8 /* Project object */ = {
			isa = PBXProject;
			attributes = {
				LastUpgradeCheck = 1110;
				ORGANIZATIONNAME = com.kluv.hw24;
				TargetAttributes = {
					B1A414DE24138D3900C7B3C8 = {
						CreatedOnToolsVersion = 11.1;
					};
					B1A414F924138D3B00C7B3C8 = {
						CreatedOnToolsVersion = 11.1;
						TestTargetID = B1A414DE24138D3900C7B3C8;
					};
					B1A4150424138D3B00C7B3C8 = {
						CreatedOnToolsVersion = 11.1;
						TestTargetID = B1A414DE24138D3900C7B3C8;
					};
				};
			};
			buildConfigurationList = B1A414DA24138D3900C7B3C8 /* Build configuration list for PBXProject "UITableViewEdit1" */;
			compatibilityVersion = "Xcode 9.3";
			developmentRegion = en;
			hasScannedForEncodings = 0;
			knownRegions = (
				en,
				Base,
			);
			mainGroup = B1A414D624138D3900C7B3C8;
			productRefGroup = B1A414E024138D3900C7B3C8 /* Products */;
			projectDirPath = "";
			projectRoot = "";
			targets = (
				B1A414DE24138D3900C7B3C8 /* UITableViewEdit1 */,
				B1A414F924138D3B00C7B3C8 /* UITableViewEdit1Tests */,
				B1A4150424138D3B00C7B3C8 /* UITableViewEdit1UITests */,
			);
		};
/* End PBXProject section */

/* Begin PBXResourcesBuildPhase section */
		B1A414DD24138D3900C7B3C8 /* Resources */ = {
			isa = PBXResourcesBuildPhase;
			buildActionMask = 2147483647;
			files = (
				B1A414F224138D3B00C7B3C8 /* LaunchScreen.storyboard in Resources */,
				B1A414EF24138D3B00C7B3C8 /* Assets.xcassets in Resources */,
			);
			runOnlyForDeploymentPostprocessing = 0;
		};
		B1A414F824138D3B00C7B3C8 /* Resources */ = {
			isa = PBXResourcesBuildPhase;
			buildActionMask = 2147483647;
			files = (
			);
			runOnlyForDeploymentPostprocessing = 0;
		};
		B1A4150324138D3B00C7B3C8 /* Resources */ = {
			isa = PBXResourcesBuildPhase;
			buildActionMask = 2147483647;
			files = (
			);
			runOnlyForDeploymentPostprocessing = 0;
		};
/* End PBXResourcesBuildPhase section */

/* Begin PBXSourcesBuildPhase section */
		B1A414DB24138D3900C7B3C8 /* Sources */ = {
			isa = PBXSourcesBuildPhase;
			buildActionMask = 2147483647;
			files = (
				B1A414EA24138D3900C7B3C8 /* ViewController.m in Sources */,
				B1A414E424138D3900C7B3C8 /* AppDelegate.m in Sources */,
				B1A414F524138D3B00C7B3C8 /* main.m in Sources */,
				B1A414E724138D3900C7B3C8 /* SceneDelegate.m in Sources */,
			);
			runOnlyForDeploymentPostprocessing = 0;
		};
		B1A414F624138D3B00C7B3C8 /* Sources */ = {
			isa = PBXSourcesBuildPhase;
			buildActionMask = 2147483647;
			files = (
				B1A414FF24138D3B00C7B3C8 /* UITableViewEdit1Tests.m in Sources */,
			);
			runOnlyForDeploymentPostprocessing = 0;
		};
		B1A4150124138D3B00C7B3C8 /* Sources */ = {
			isa = PBXSourcesBuildPhase;
			buildActionMask = 2147483647;
			files = (
				B1A4150A24138D3B00C7B3C8 /* UITableViewEdit1UITests.m in Sources */,
			);
			runOnlyForDeploymentPostprocessing = 0;
		};
/* End PBXSourcesBuildPhase section */

/* Begin PBXTargetDependency section */
		B1A414FC24138D3B00C7B3C8 /* PBXTargetDependency */ = {
			isa = PBXTargetDependency;
			target = B1A414DE24138D3900C7B3C8 /* UITableViewEdit1 */;
			targetProxy = B1A414FB24138D3B00C7B3C8 /* PBXContainerItemProxy */;
		};
		B1A4150724138D3B00C7B3C8 /* PBXTargetDependency */ = {
			isa = PBXTargetDependency;
			target = B1A414DE24138D3900C7B3C8 /* UITableViewEdit1 */;
			targetProxy = B1A4150624138D3B00C7B3C8 /* PBXContainerItemProxy */;
		};
/* End PBXTargetDependency section */

/* Begin PBXVariantGroup section */
		B1A414F024138D3B00C7B3C8 /* LaunchScreen.storyboard */ = {
			isa = PBXVariantGroup;
			children = (
				B1A414F124138D3B00C7B3C8 /* Base */,
			);
			name = LaunchScreen.storyboard;
			sourceTree = "<group>";
		};
/* End PBXVariantGroup section */

/* Begin XCBuildConfiguration section */
		B1A4150C24138D3B00C7B3C8 /* Debug */ = {
			isa = XCBuildConfiguration;
			buildSettings = {
				ALWAYS_SEARCH_USER_PATHS = NO;
				CLANG_ANALYZER_NONNULL = YES;
				CLANG_ANALYZER_NUMBER_OBJECT_CONVERSION = YES_AGGRESSIVE;
				CLANG_CXX_LANGUAGE_STANDARD = "gnu++14";
				CLANG_CXX_LIBRARY = "libc++";
				CLANG_ENABLE_MODULES = YES;
				CLANG_ENABLE_OBJC_ARC = YES;
				CLANG_ENABLE_OBJC_WEAK = YES;
				CLANG_WARN_BLOCK_CAPTURE_AUTORELEASING = YES;
				CLANG_WARN_BOOL_CONVERSION = YES;
				CLANG_WARN_COMMA = YES;
				CLANG_WARN_CONSTANT_CONVERSION = YES;
				CLANG_WARN_DEPRECATED_OBJC_IMPLEMENTATIONS = YES;
				CLANG_WARN_DIRECT_OBJC_ISA_USAGE = YES_ERROR;
				CLANG_WARN_DOCUMENTATION_COMMENTS = YES;
				CLANG_WARN_EMPTY_BODY = YES;
				CLANG_WARN_ENUM_CONVERSION = YES;
				CLANG_WARN_INFINITE_RECURSION = YES;
				CLANG_WARN_INT_CONVERSION = YES;
				CLANG_WARN_NON_LITERAL_NULL_CONVERSION = YES;
				CLANG_WARN_OBJC_IMPLICIT_RETAIN_SELF = YES;
				CLANG_WARN_OBJC_LITERAL_CONVERSION = YES;
				CLANG_WARN_OBJC_ROOT_CLASS = YES_ERROR;
				CLANG_WARN_RANGE_LOOP_ANALYSIS = YES;
				CLANG_WARN_STRICT_PROTOTYPES = YES;
				CLANG_WARN_SUSPICIOUS_MOVE = YES;
				CLANG_WARN_UNGUARDED_AVAILABILITY = YES_AGGRESSIVE;
				CLANG_WARN_UNREACHABLE_CODE = YES;
				CLANG_WARN__DUPLICATE_METHOD_MATCH = YES;
				COPY_PHASE_STRIP = NO;
				DEBUG_INFORMATION_FORMAT = dwarf;
				ENABLE_STRICT_OBJC_MSGSEND = YES;
				ENABLE_TESTABILITY = YES;
				GCC_C_LANGUAGE_STANDARD = gnu11;
				GCC_DYNAMIC_NO_PIC = NO;
				GCC_NO_COMMON_BLOCKS = YES;
				GCC_OPTIMIZATION_LEVEL = 0;
				GCC_PREPROCESSOR_DEFINITIONS = (
					"DEBUG=1",
					"$(inherited)",
				);
				GCC_WARN_64_TO_32_BIT_CONVERSION = YES;
				GCC_WARN_ABOUT_RETURN_TYPE = YES_ERROR;
				GCC_WARN_UNDECLARED_SELECTOR = YES;
				GCC_WARN_UNINITIALIZED_AUTOS = YES_AGGRESSIVE;
				GCC_WARN_UNUSED_FUNCTION = YES;
				GCC_WARN_UNUSED_VARIABLE = YES;
				IPHONEOS_DEPLOYMENT_TARGET = 13.1;
				MTL_ENABLE_DEBUG_INFO = INCLUDE_SOURCE;
				MTL_FAST_MATH = YES;
				ONLY_ACTIVE_ARCH = YES;
				SDKROOT = iphoneos;
			};
			name = Debug;
		};
		B1A4150D24138D3B00C7B3C8 /* Release */ = {
			isa = XCBuildConfiguration;
			buildSettings = {
				ALWAYS_SEARCH_USER_PATHS = NO;
				CLANG_ANALYZER_NONNULL = YES;
				CLANG_ANALYZER_NUMBER_OBJECT_CONVERSION = YES_AGGRESSIVE;
				CLANG_CXX_LANGUAGE_STANDARD = "gnu++14";
				CLANG_CXX_LIBRARY = "libc++";
				CLANG_ENABLE_MODULES = YES;
				CLANG_ENABLE_OBJC_ARC = YES;
				CLANG_ENABLE_OBJC_WEAK = YES;
				CLANG_WARN_BLOCK_CAPTURE_AUTORELEASING = YES;
				CLANG_WARN_BOOL_CONVERSION = YES;
				CLANG_WARN_COMMA = YES;
				CLANG_WARN_CONSTANT_CONVERSION = YES;
				CLANG_WARN_DEPRECATED_OBJC_IMPLEMENTATIONS = YES;
				CLANG_WARN_DIRECT_OBJC_ISA_USAGE = YES_ERROR;
				CLANG_WARN_DOCUMENTATION_COMMENTS = YES;
				CLANG_WARN_EMPTY_BODY = YES;
				CLANG_WARN_ENUM_CONVERSION = YES;
				CLANG_WARN_INFINITE_RECURSION = YES;
				CLANG_WARN_INT_CONVERSION = YES;
				CLANG_WARN_NON_LITERAL_NULL_CONVERSION = YES;
				CLANG_WARN_OBJC_IMPLICIT_RETAIN_SELF = YES;
				CLANG_WARN_OBJC_LITERAL_CONVERSION = YES;
				CLANG_WARN_OBJC_ROOT_CLASS = YES_ERROR;
				CLANG_WARN_RANGE_LOOP_ANALYSIS = YES;
				CLANG_WARN_STRICT_PROTOTYPES = YES;
				CLANG_WARN_SUSPICIOUS_MOVE = YES;
				CLANG_WARN_UNGUARDED_AVAILABILITY = YES_AGGRESSIVE;
				CLANG_WARN_UNREACHABLE_CODE = YES;
				CLANG_WARN__DUPLICATE_METHOD_MATCH = YES;
				COPY_PHASE_STRIP = NO;
				DEBUG_INFORMATION_FORMAT = "dwarf-with-dsym";
				ENABLE_NS_ASSERTIONS = NO;
				ENABLE_STRICT_OBJC_MSGSEND = YES;
				GCC_C_LANGUAGE_STANDARD = gnu11;
				GCC_NO_COMMON_BLOCKS = YES;
				GCC_WARN_64_TO_32_BIT_CONVERSION = YES;
				GCC_WARN_ABOUT_RETURN_TYPE = YES_ERROR;
				GCC_WARN_UNDECLARED_SELECTOR = YES;
				GCC_WARN_UNINITIALIZED_AUTOS = YES_AGGRESSIVE;
				GCC_WARN_UNUSED_FUNCTION = YES;
				GCC_WARN_UNUSED_VARIABLE = YES;
				IPHONEOS_DEPLOYMENT_TARGET = 13.1;
				MTL_ENABLE_DEBUG_INFO = NO;
				MTL_FAST_MATH = YES;
				SDKROOT = iphoneos;
				VALIDATE_PRODUCT = YES;
			};
			name = Release;
		};
		B1A4150F24138D3B00C7B3C8 /* Debug */ = {
			isa = XCBuildConfiguration;
			buildSettings = {
				ASSETCATALOG_COMPILER_APPICON_NAME = AppIcon;
				CODE_SIGN_STYLE = Automatic;
				DEVELOPMENT_TEAM = DUBTL9M98H;
				INFOPLIST_FILE = UITableViewEdit1/Info.plist;
				LD_RUNPATH_SEARCH_PATHS = (
					"$(inherited)",
					"@executable_path/Frameworks",
				);
				PRODUCT_BUNDLE_IDENTIFIER = itotdel.kluv.UITableViewEdit1;
				PRODUCT_NAME = "$(TARGET_NAME)";
				TARGETED_DEVICE_FAMILY = 1;
			};
			name = Debug;
		};
		B1A4151024138D3B00C7B3C8 /* Release */ = {
			isa = XCBuildConfiguration;
			buildSettings = {
				ASSETCATALOG_COMPILER_APPICON_NAME = AppIcon;
				CODE_SIGN_STYLE = Automatic;
				DEVELOPMENT_TEAM = DUBTL9M98H;
				INFOPLIST_FILE = UITableViewEdit1/Info.plist;
				LD_RUNPATH_SEARCH_PATHS = (
					"$(inherited)",
					"@executable_path/Frameworks",
				);
				PRODUCT_BUNDLE_IDENTIFIER = itotdel.kluv.UITableViewEdit1;
				PRODUCT_NAME = "$(TARGET_NAME)";
				TARGETED_DEVICE_FAMILY = 1;
			};
			name = Release;
		};
		B1A4151224138D3B00C7B3C8 /* Debug */ = {
			isa = XCBuildConfiguration;
			buildSettings = {
				BUNDLE_LOADER = "$(TEST_HOST)";
				CODE_SIGN_STYLE = Automatic;
				DEVELOPMENT_TEAM = DUBTL9M98H;
				INFOPLIST_FILE = UITableViewEdit1Tests/Info.plist;
				IPHONEOS_DEPLOYMENT_TARGET = 13.1;
				LD_RUNPATH_SEARCH_PATHS = (
					"$(inherited)",
					"@executable_path/Frameworks",
					"@loader_path/Frameworks",
				);
				PRODUCT_BUNDLE_IDENTIFIER = itotdel.kluv.UITableViewEdit1Tests;
				PRODUCT_NAME = "$(TARGET_NAME)";
				TARGETED_DEVICE_FAMILY = "1,2";
				TEST_HOST = "$(BUILT_PRODUCTS_DIR)/UITableViewEdit1.app/UITableViewEdit1";
			};
			name = Debug;
		};
		B1A4151324138D3B00C7B3C8 /* Release */ = {
			isa = XCBuildConfiguration;
			buildSettings = {
				BUNDLE_LOADER = "$(TEST_HOST)";
				CODE_SIGN_STYLE = Automatic;
				DEVELOPMENT_TEAM = DUBTL9M98H;
				INFOPLIST_FILE = UITableViewEdit1Tests/Info.plist;
				IPHONEOS_DEPLOYMENT_TARGET = 13.1;
				LD_RUNPATH_SEARCH_PATHS = (
					"$(inherited)",
					"@executable_path/Frameworks",
					"@loader_path/Frameworks",
				);
				PRODUCT_BUNDLE_IDENTIFIER = itotdel.kluv.UITableViewEdit1Tests;
				PRODUCT_NAME = "$(TARGET_NAME)";
				TARGETED_DEVICE_FAMILY = "1,2";
				TEST_HOST = "$(BUILT_PRODUCTS_DIR)/UITableViewEdit1.app/UITableViewEdit1";
			};
			name = Release;
		};
		B1A4151524138D3B00C7B3C8 /* Debug */ = {
			isa = XCBuildConfiguration;
			buildSettings = {
				CODE_SIGN_STYLE = Automatic;
				DEVELOPMENT_TEAM = DUBTL9M98H;
				INFOPLIST_FILE = UITableViewEdit1UITests/Info.plist;
				LD_RUNPATH_SEARCH_PATHS = (
					"$(inherited)",
					"@executable_path/Frameworks",
					"@loader_path/Frameworks",
				);
				PRODUCT_BUNDLE_IDENTIFIER = itotdel.kluv.UITableViewEdit1UITests;
				PRODUCT_NAME = "$(TARGET_NAME)";
				TARGETED_DEVICE_FAMILY = "1,2";
				TEST_TARGET_NAME = UITableViewEdit1;
			};
			name = Debug;
		};
		B1A4151624138D3B00C7B3C8 /* Release */ = {
			isa = XCBuildConfiguration;
			buildSettings = {
				CODE_SIGN_STYLE = Automatic;
				DEVELOPMENT_TEAM = DUBTL9M98H;
				INFOPLIST_FILE = UITableViewEdit1UITests/Info.plist;
				LD_RUNPATH_SEARCH_PATHS = (
					"$(inherited)",
					"@executable_path/Frameworks",
					"@loader_path/Frameworks",
				);
				PRODUCT_BUNDLE_IDENTIFIER = itotdel.kluv.UITableViewEdit1UITests;
				PRODUCT_NAME = "$(TARGET_NAME)";
				TARGETED_DEVICE_FAMILY = "1,2";
				TEST_TARGET_NAME = UITableViewEdit1;
			};
			name = Release;
		};
/* End XCBuildConfiguration section */

/* Begin XCConfigurationList section */
		B1A414DA24138D3900C7B3C8 /* Build configuration list for PBXProject "UITableViewEdit1" */ = {
			isa = XCConfigurationList;
			buildConfigurations = (
				B1A4150C24138D3B00C7B3C8 /* Debug */,
				B1A4150D24138D3B00C7B3C8 /* Release */,
			);
			defaultConfigurationIsVisible = 0;
			defaultConfigurationName = Release;
		};
		B1A4150E24138D3B00C7B3C8 /* Build configuration list for PBXNativeTarget "UITableViewEdit1" */ = {
			isa = XCConfigurationList;
			buildConfigurations = (
				B1A4150F24138D3B00C7B3C8 /* Debug */,
				B1A4151024138D3B00C7B3C8 /* Release */,
			);
			defaultConfigurationIsVisible = 0;
			defaultConfigurationName = Release;
		};
		B1A4151124138D3B00C7B3C8 /* Build configuration list for PBXNativeTarget "UITableViewEdit1Tests" */ = {
			isa = XCConfigurationList;
			buildConfigurations = (
				B1A4151224138D3B00C7B3C8 /* Debug */,
				B1A4151324138D3B00C7B3C8 /* Release */,
			);
			defaultConfigurationIsVisible = 0;
			defaultConfigurationName = Release;
		};
		B1A4151424138D3B00C7B3C8 /* Build configuration list for PBXNativeTarget "UITableViewEdit1UITests" */ = {
			isa = XCConfigurationList;
			buildConfigurations = (
				B1A4151524138D3B00C7B3C8 /* Debug */,
				B1A4151624138D3B00C7B3C8 /* Release */,
			);
			defaultConfigurationIsVisible = 0;
			defaultConfigurationName = Release;
		};
/* End XCConfigurationList section */
	};
	rootObject = B1A414D724138D3900C7B3C8 /* Project object */;
}
